
Microsoft Visual Studio Solution File, Format Version 12.00
# Visual Studio Version 17
VisualStudioVersion = 17.7.34024.191
MinimumVisualStudioVersion = 10.0.40219.1
Project("{FAE04EC0-301F-11D3-BF4B-00C04F79EFBC}") = "Labb4", "Labb4.csproj", "{20EACEFB-927F-4E4D-95B1-78E090D86875}"
EndProject
Global
	GlobalSection(SolutionConfigurationPlatforms) = preSolution
		Debug|Any CPU = Debug|Any CPU
		Release|Any CPU = Release|Any CPU
	EndGlobalSection
	GlobalSection(ProjectConfigurationPlatforms) = postSolution
		{20EACEFB-927F-4E4D-95B1-78E090D86875}.Debug|Any CPU.ActiveCfg = Debug|Any CPU
		{20EACEFB-927F-4E4D-95B1-78E090D86875}.Debug|Any CPU.Build.0 = Debug|Any CPU
		{20EACEFB-927F-4E4D-95B1-78E090D86875}.Release|Any CPU.ActiveCfg = Release|Any CPU
		{20EACEFB-927F-4E4D-95B1-78E090D86875}.Release|Any CPU.Build.0 = Release|Any CPU
	EndGlobalSection
	GlobalSection(SolutionProperties) = preSolution
		HideSolutionNode = FALSE
	EndGlobalSection
	GlobalSection(ExtensibilityGlobals) = postSolution
		SolutionGuid = {83993616-77F7-4554-92DB-726BB7BDFDD4}
	EndGlobalSection
EndGlobal
